# This file was autogenerated by Stack.
# You should not edit this file by hand.
# For more information, please see the documentation at:
#   https://docs.haskellstack.org/en/stable/lock_files

packages:
- completed:
    hackage: happstack-server-7.6.0@sha256:e031f81e859558ef945baa437f2c0a85750a06041a805b5508b06dbc459c5a8a,6381
    pantry-tree:
      size: 3060
      sha256: 643f83c7bb1cf294e71bb9421ba747bf7831083967ea10267db0cb9a0411c1e7
  original:
    hackage: happstack-server-7.6.0@sha256:e031f81e859558ef945baa437f2c0a85750a06041a805b5508b06dbc459c5a8a,6381
- completed:
    hackage: HaXml-1.25.5@sha256:4f8534cda290b3d0a76b4ca5c4b9aa20902dcf029ddd50998d07c5dd608ad6f6,4420
    pantry-tree:
      size: 4076
      sha256: 9682020b148433c41f5efee327b66708875015df8d4b3d48f875ac21f8222e1b
  original:
    hackage: HaXml-1.25.5@sha256:4f8534cda290b3d0a76b4ca5c4b9aa20902dcf029ddd50998d07c5dd608ad6f6,4420
snapshots:
- completed:
    size: 524130
    url: https://raw.githubusercontent.com/commercialhaskell/stackage-snapshots/master/lts/14/10.yaml
    sha256: 04841e0397d7ce6364f19359fce89aa45ca8684609d665845db80d398002baa9
  original: lts-14.10
